
Microsoft Visual Studio Solution File, Format Version 12.00
# Visual Studio Version 16
VisualStudioVersion = 16.0.30611.23
MinimumVisualStudioVersion = 10.0.40219.1
Project("{FAE04EC0-301F-11D3-BF4B-00C04F79EFBC}") = "KnivesStore.PL", "KnivesStore\KnivesStore.PL.csproj", "{14F336CB-9380-4CF5-9B99-1CD0A9DFB7B5}"
EndProject
Project("{FAE04EC0-301F-11D3-BF4B-00C04F79EFBC}") = "KnivesStore.DAL", "KnivesStore.DAL\KnivesStore.DAL.csproj", "{C1E72603-33F7-478D-92C9-0513D54E2D8A}"
EndProject
Project("{FAE04EC0-301F-11D3-BF4B-00C04F79EFBC}") = "KnivesStore.BLL", "KnivesStore.BLL\KnivesStore.BLL.csproj", "{886BB6F0-402A-4548-9EB4-3D385DE1E671}"
EndProject
Global
	GlobalSection(SolutionConfigurationPlatforms) = preSolution
		Debug|Any CPU = Debug|Any CPU
		Release|Any CPU = Release|Any CPU
	EndGlobalSection
	GlobalSection(ProjectConfigurationPlatforms) = postSolution
		{14F336CB-9380-4CF5-9B99-1CD0A9DFB7B5}.Debug|Any CPU.ActiveCfg = Debug|Any CPU
		{14F336CB-9380-4CF5-9B99-1CD0A9DFB7B5}.Debug|Any CPU.Build.0 = Debug|Any CPU
		{14F336CB-9380-4CF5-9B99-1CD0A9DFB7B5}.Release|Any CPU.ActiveCfg = Release|Any CPU
		{14F336CB-9380-4CF5-9B99-1CD0A9DFB7B5}.Release|Any CPU.Build.0 = Release|Any CPU
		{C1E72603-33F7-478D-92C9-0513D54E2D8A}.Debug|Any CPU.ActiveCfg = Debug|Any CPU
		{C1E72603-33F7-478D-92C9-0513D54E2D8A}.Debug|Any CPU.Build.0 = Debug|Any CPU
		{C1E72603-33F7-478D-92C9-0513D54E2D8A}.Release|Any CPU.ActiveCfg = Release|Any CPU
		{C1E72603-33F7-478D-92C9-0513D54E2D8A}.Release|Any CPU.Build.0 = Release|Any CPU
		{886BB6F0-402A-4548-9EB4-3D385DE1E671}.Debug|Any CPU.ActiveCfg = Debug|Any CPU
		{886BB6F0-402A-4548-9EB4-3D385DE1E671}.Debug|Any CPU.Build.0 = Debug|Any CPU
		{886BB6F0-402A-4548-9EB4-3D385DE1E671}.Release|Any CPU.ActiveCfg = Release|Any CPU
		{886BB6F0-402A-4548-9EB4-3D385DE1E671}.Release|Any CPU.Build.0 = Release|Any CPU
	EndGlobalSection
	GlobalSection(SolutionProperties) = preSolution
		HideSolutionNode = FALSE
	EndGlobalSection
	GlobalSection(ExtensibilityGlobals) = postSolution
		SolutionGuid = {4DCDDC99-7023-4666-ADDB-54BA85E47C83}
	EndGlobalSection
EndGlobal
